
Microsoft Visual Studio Solution File, Format Version 12.00
# Visual Studio Version 17
VisualStudioVersion = 17.1.32328.378
MinimumVisualStudioVersion = 10.0.40219.1
Project("{FAE04EC0-301F-11D3-BF4B-00C04F79EFBC}") = "LINQ TASK 2 12th April", "LINQ TASK 2 12th April\LINQ TASK 2 12th April.csproj", "{4CE271FC-CE56-45EF-A1F1-06DF74F06329}"
EndProject
Global
	GlobalSection(SolutionConfigurationPlatforms) = preSolution
		Debug|Any CPU = Debug|Any CPU
		Release|Any CPU = Release|Any CPU
	EndGlobalSection
	GlobalSection(ProjectConfigurationPlatforms) = postSolution
		{4CE271FC-CE56-45EF-A1F1-06DF74F06329}.Debug|Any CPU.ActiveCfg = Debug|Any CPU
		{4CE271FC-CE56-45EF-A1F1-06DF74F06329}.Debug|Any CPU.Build.0 = Debug|Any CPU
		{4CE271FC-CE56-45EF-A1F1-06DF74F06329}.Release|Any CPU.ActiveCfg = Release|Any CPU
		{4CE271FC-CE56-45EF-A1F1-06DF74F06329}.Release|Any CPU.Build.0 = Release|Any CPU
	EndGlobalSection
	GlobalSection(SolutionProperties) = preSolution
		HideSolutionNode = FALSE
	EndGlobalSection
	GlobalSection(ExtensibilityGlobals) = postSolution
		SolutionGuid = {7F749E15-F89C-4713-83A4-BEA450C06D5A}
	EndGlobalSection
EndGlobal
